
Microsoft Visual Studio Solution File, Format Version 12.00
# Visual Studio Version 16
VisualStudioVersion = 16.0.31729.503
MinimumVisualStudioVersion = 10.0.40219.1
Project("{9A19103F-16F7-4668-BE54-9A1E7A4F7556}") = "DistributedChatServer", "DistributedChatServer.csproj", "{B8515480-2427-4F4D-A55A-7A14F3937199}"
EndProject
Global
	GlobalSection(SolutionConfigurationPlatforms) = preSolution
		Debug|Any CPU = Debug|Any CPU
		Release|Any CPU = Release|Any CPU
	EndGlobalSection
	GlobalSection(ProjectConfigurationPlatforms) = postSolution
		{B8515480-2427-4F4D-A55A-7A14F3937199}.Debug|Any CPU.ActiveCfg = Debug|Any CPU
		{B8515480-2427-4F4D-A55A-7A14F3937199}.Debug|Any CPU.Build.0 = Debug|Any CPU
		{B8515480-2427-4F4D-A55A-7A14F3937199}.Release|Any CPU.ActiveCfg = Release|Any CPU
		{B8515480-2427-4F4D-A55A-7A14F3937199}.Release|Any CPU.Build.0 = Release|Any CPU
	EndGlobalSection
	GlobalSection(SolutionProperties) = preSolution
		HideSolutionNode = FALSE
	EndGlobalSection
	GlobalSection(ExtensibilityGlobals) = postSolution
		SolutionGuid = {B1FBAA24-3373-46E5-B9DA-8CE87E9CFC52}
	EndGlobalSection
EndGlobal
